<?xml version="1.0" encoding="UTF-8" standalone="yes" ?>
<CodeBlocks_project_file>
	<FileVersion major="1" minor="6" />
	<Project>
		<Option title="mactable_daemon" />
		<Option pch_mode="2" />
		<Option compiler="gcc" />
		<Build>
			<Target title="Debug">
				<Option platforms="Unix;" />
				<Option output="bin/Debug/mactable_daemon" prefix_auto="1" extension_auto="1" />
				<Option object_output="obj/Debug/" />
				<Option type="1" />
				<Option compiler="gcc" />
				<Option use_console_runner="0" />
				<Compiler>
					<Add option="-g" />
				</Compiler>
			</Target>
			<Target title="Release">
				<Option platforms="Unix;" />
				<Option output="bin/Release/mactable_daemon" prefix_auto="1" extension_auto="1" />
				<Option object_output="obj/Release/" />
				<Option type="1" />
				<Option compiler="gcc" />
				<Option use_console_runner="0" />
				<Compiler>
					<Add option="-O2" />
				</Compiler>
				<Linker>
					<Add option="-s" />
				</Linker>
			</Target>
		</Build>
		<Compiler>
			<Add option="-std=c++0x" />
			<Add option="-Wfatal-errors" />
			<Add option="-Wall" />
			<Add option="-fexceptions" />
			<Add directory="include" />
		</Compiler>
		<Linker>
			<Add library="libeos" />
		</Linker>
		<Unit filename="include/Listener.h" />
		<Unit filename="include/MacTableDaemon.h" />
		<Unit filename="include/OpenFlow/OpenFlowHeader.h" />
		<Unit filename="include/OpenFlow/types.h" />
		<Unit filename="include/OpenFlow/util.h" />
		<Unit filename="include/SessionHandler.h" />
		<Unit filename="include/Worker.h" />
		<Unit filename="include/configuration.h" />
		<Unit filename="main.cpp" />
		<Unit filename="scripts/tcp_client.py" />
		<Unit filename="src/Listener.cpp" />
		<Unit filename="src/MacTableDaemon.cpp" />
		<Unit filename="src/OpenFlow/OpenFlowHeader.cpp" />
		<Unit filename="src/SessionHandler.cpp" />
		<Unit filename="src/Worker.cpp" />
		<Extensions>
			<code_completion />
			<envvars />
			<lib_finder disable_auto="1" />
			<debugger />
		</Extensions>
	</Project>
</CodeBlocks_project_file>
